
Microsoft Visual Studio Solution File, Format Version 12.00
# Visual Studio 2012
Project("{8BC9CEB8-8B4A-11D0-8D11-00A0C91BC942}") = "launch", "launch.vcxproj", "{5D0BEB6B-640E-45F1-9A30-8B46B96FB01A}"
EndProject
Global
	GlobalSection(SolutionConfigurationPlatforms) = preSolution
		Debug|Win32 = Debug|Win32
		Release|Win32 = Release|Win32
	EndGlobalSection
	GlobalSection(ProjectConfigurationPlatforms) = postSolution
		{5D0BEB6B-640E-45F1-9A30-8B46B96FB01A}.Debug|Win32.ActiveCfg = Release|Win32
		{5D0BEB6B-640E-45F1-9A30-8B46B96FB01A}.Debug|Win32.Build.0 = Release|Win32
		{5D0BEB6B-640E-45F1-9A30-8B46B96FB01A}.Release|Win32.ActiveCfg = Release|Win32
		{5D0BEB6B-640E-45F1-9A30-8B46B96FB01A}.Release|Win32.Build.0 = Release|Win32
	EndGlobalSection
	GlobalSection(SolutionProperties) = preSolution
		HideSolutionNode = FALSE
	EndGlobalSection
EndGlobal
